
Microsoft Visual Studio Solution File, Format Version 12.00
# Visual Studio 14
VisualStudioVersion = 14.0.25420.1
MinimumVisualStudioVersion = 10.0.40219.1
Project("{2150E333-8FDC-42A3-9474-1A3956D46DE8}") = "src", "src", "{ACB7E520-CA94-4C66-A0DD-32929B4877F3}"
EndProject
Project("{2150E333-8FDC-42A3-9474-1A3956D46DE8}") = "Solution Items", "Solution Items", "{F9EF9831-E298-46B3-B1E7-784BE4A513C1}"
	ProjectSection(SolutionItems) = preProject
		global.json = global.json
	EndProjectSection
EndProject
Project("{8BB2217D-0F2D-49D1-97BC-3654ED321F3B}") = "BankTest", "src\BankTest\BankTest.xproj", "{1A31325E-1B27-4219-A2A1-7FF323B38557}"
EndProject
Global
	GlobalSection(SolutionConfigurationPlatforms) = preSolution
		Debug|Any CPU = Debug|Any CPU
		Release|Any CPU = Release|Any CPU
	EndGlobalSection
	GlobalSection(ProjectConfigurationPlatforms) = postSolution
		{1A31325E-1B27-4219-A2A1-7FF323B38557}.Debug|Any CPU.ActiveCfg = Debug|Any CPU
		{1A31325E-1B27-4219-A2A1-7FF323B38557}.Debug|Any CPU.Build.0 = Debug|Any CPU
		{1A31325E-1B27-4219-A2A1-7FF323B38557}.Release|Any CPU.ActiveCfg = Release|Any CPU
		{1A31325E-1B27-4219-A2A1-7FF323B38557}.Release|Any CPU.Build.0 = Release|Any CPU
	EndGlobalSection
	GlobalSection(SolutionProperties) = preSolution
		HideSolutionNode = FALSE
	EndGlobalSection
	GlobalSection(NestedProjects) = preSolution
		{1A31325E-1B27-4219-A2A1-7FF323B38557} = {ACB7E520-CA94-4C66-A0DD-32929B4877F3}
	EndGlobalSection
EndGlobal
